
Microsoft Visual Studio Solution File, Format Version 12.00
# Visual Studio Version 17
VisualStudioVersion = 17.9.34714.143
MinimumVisualStudioVersion = 10.0.40219.1
Project("{2150E333-8FDC-42A3-9474-1A3956D46DE8}") = "scr", "scr", "{DCCCD302-AE0F-4999-BD15-E5B8EDAA1907}"
EndProject
Project("{FAE04EC0-301F-11D3-BF4B-00C04F79EFBC}") = "MaxiShop.Web", "MaxiShop.Web\MaxiShop.Web.csproj", "{43987E8A-3625-496E-9DC7-4994659A3248}"
EndProject
Global
	GlobalSection(SolutionConfigurationPlatforms) = preSolution
		Debug|Any CPU = Debug|Any CPU
		Release|Any CPU = Release|Any CPU
	EndGlobalSection
	GlobalSection(ProjectConfigurationPlatforms) = postSolution
		{43987E8A-3625-496E-9DC7-4994659A3248}.Debug|Any CPU.ActiveCfg = Debug|Any CPU
		{43987E8A-3625-496E-9DC7-4994659A3248}.Debug|Any CPU.Build.0 = Debug|Any CPU
		{43987E8A-3625-496E-9DC7-4994659A3248}.Release|Any CPU.ActiveCfg = Release|Any CPU
		{43987E8A-3625-496E-9DC7-4994659A3248}.Release|Any CPU.Build.0 = Release|Any CPU
	EndGlobalSection
	GlobalSection(SolutionProperties) = preSolution
		HideSolutionNode = FALSE
	EndGlobalSection
	GlobalSection(NestedProjects) = preSolution
		{43987E8A-3625-496E-9DC7-4994659A3248} = {DCCCD302-AE0F-4999-BD15-E5B8EDAA1907}
	EndGlobalSection
	GlobalSection(ExtensibilityGlobals) = postSolution
		SolutionGuid = {FD4407CC-AB88-44BD-9D3E-3ED95263E5A1}
	EndGlobalSection
EndGlobal
